
Microsoft Visual Studio Solution File, Format Version 12.00
# Visual Studio 15
VisualStudioVersion = 15.0.27703.2026
MinimumVisualStudioVersion = 10.0.40219.1
Project("{FAE04EC0-301F-11D3-BF4B-00C04F79EFBC}") = "MetricTestWebApp", "MetricTestWebApp\MetricTestWebApp.csproj", "{59AC1BDD-C432-4622-8E70-482CB66ED09C}"
EndProject
Project("{FAE04EC0-301F-11D3-BF4B-00C04F79EFBC}") = "AppMetricsMackerelReporter", "AppMetricsMackerelReporter\AppMetricsMackerelReporter.csproj", "{D773B8AF-EAAF-48CD-80CC-7E9F7B6A7BFE}"
EndProject
Global
	GlobalSection(SolutionConfigurationPlatforms) = preSolution
		Debug|Any CPU = Debug|Any CPU
		Release|Any CPU = Release|Any CPU
	EndGlobalSection
	GlobalSection(ProjectConfigurationPlatforms) = postSolution
		{59AC1BDD-C432-4622-8E70-482CB66ED09C}.Debug|Any CPU.ActiveCfg = Debug|Any CPU
		{59AC1BDD-C432-4622-8E70-482CB66ED09C}.Debug|Any CPU.Build.0 = Debug|Any CPU
		{59AC1BDD-C432-4622-8E70-482CB66ED09C}.Release|Any CPU.ActiveCfg = Release|Any CPU
		{59AC1BDD-C432-4622-8E70-482CB66ED09C}.Release|Any CPU.Build.0 = Release|Any CPU
		{D773B8AF-EAAF-48CD-80CC-7E9F7B6A7BFE}.Debug|Any CPU.ActiveCfg = Debug|Any CPU
		{D773B8AF-EAAF-48CD-80CC-7E9F7B6A7BFE}.Debug|Any CPU.Build.0 = Debug|Any CPU
		{D773B8AF-EAAF-48CD-80CC-7E9F7B6A7BFE}.Release|Any CPU.ActiveCfg = Release|Any CPU
		{D773B8AF-EAAF-48CD-80CC-7E9F7B6A7BFE}.Release|Any CPU.Build.0 = Release|Any CPU
	EndGlobalSection
	GlobalSection(SolutionProperties) = preSolution
		HideSolutionNode = FALSE
	EndGlobalSection
	GlobalSection(ExtensibilityGlobals) = postSolution
		SolutionGuid = {9FE8BC4D-3804-4C99-9E7D-AF0B48D4AB3E}
	EndGlobalSection
EndGlobal
